
Microsoft Visual Studio Solution File, Format Version 12.00
# Visual Studio 14
VisualStudioVersion = 14.0.25123.0
MinimumVisualStudioVersion = 10.0.40219.1
Project("{FAE04EC0-301F-11D3-BF4B-00C04F79EFBC}") = "FestManager Core", "FestManager Core\FestManager Core.csproj", "{B24752EF-F5AC-4A36-99AF-8E27DA18AE8E}"
EndProject
Project("{FAE04EC0-301F-11D3-BF4B-00C04F79EFBC}") = "FestManager Bestellung", "FestManager Bestellung\FestManager Bestellung.csproj", "{91557FCE-99F4-49D0-897A-39A03AC06116}"
EndProject
Project("{FAE04EC0-301F-11D3-BF4B-00C04F79EFBC}") = "FestManager Abrechnung", "FestManager Abrechnung\FestManager Abrechnung.csproj", "{227BAB37-C7CF-48EE-8DF4-C7E53BC65238}"
EndProject
Global
	GlobalSection(SolutionConfigurationPlatforms) = preSolution
		Debug|x86 = Debug|x86
		Release|x86 = Release|x86
	EndGlobalSection
	GlobalSection(ProjectConfigurationPlatforms) = postSolution
		{B24752EF-F5AC-4A36-99AF-8E27DA18AE8E}.Debug|x86.ActiveCfg = Debug|x86
		{B24752EF-F5AC-4A36-99AF-8E27DA18AE8E}.Debug|x86.Build.0 = Debug|x86
		{B24752EF-F5AC-4A36-99AF-8E27DA18AE8E}.Release|x86.ActiveCfg = Release|x86
		{B24752EF-F5AC-4A36-99AF-8E27DA18AE8E}.Release|x86.Build.0 = Release|x86
		{91557FCE-99F4-49D0-897A-39A03AC06116}.Debug|x86.ActiveCfg = Debug|x86
		{91557FCE-99F4-49D0-897A-39A03AC06116}.Debug|x86.Build.0 = Debug|x86
		{91557FCE-99F4-49D0-897A-39A03AC06116}.Release|x86.ActiveCfg = Release|x86
		{91557FCE-99F4-49D0-897A-39A03AC06116}.Release|x86.Build.0 = Release|x86
		{227BAB37-C7CF-48EE-8DF4-C7E53BC65238}.Debug|x86.ActiveCfg = Debug|x86
		{227BAB37-C7CF-48EE-8DF4-C7E53BC65238}.Debug|x86.Build.0 = Debug|x86
		{227BAB37-C7CF-48EE-8DF4-C7E53BC65238}.Release|x86.ActiveCfg = Release|x86
		{227BAB37-C7CF-48EE-8DF4-C7E53BC65238}.Release|x86.Build.0 = Release|x86
	EndGlobalSection
	GlobalSection(SolutionProperties) = preSolution
		HideSolutionNode = FALSE
	EndGlobalSection
EndGlobal
